
Microsoft Visual Studio Solution File, Format Version 12.00
# Visual Studio 15
VisualStudioVersion = 15.0.27703.2042
MinimumVisualStudioVersion = 10.0.40219.1
Project("{FAE04EC0-301F-11D3-BF4B-00C04F79EFBC}") = "RazorPagesMovie", "RazorPagesMovie\RazorPagesMovie.csproj", "{D704E53E-90E2-4753-B760-085DF67DCC5E}"
EndProject
Global
	GlobalSection(SolutionConfigurationPlatforms) = preSolution
		Debug|Any CPU = Debug|Any CPU
		Release|Any CPU = Release|Any CPU
	EndGlobalSection
	GlobalSection(ProjectConfigurationPlatforms) = postSolution
		{D704E53E-90E2-4753-B760-085DF67DCC5E}.Debug|Any CPU.ActiveCfg = Debug|Any CPU
		{D704E53E-90E2-4753-B760-085DF67DCC5E}.Debug|Any CPU.Build.0 = Debug|Any CPU
		{D704E53E-90E2-4753-B760-085DF67DCC5E}.Release|Any CPU.ActiveCfg = Release|Any CPU
		{D704E53E-90E2-4753-B760-085DF67DCC5E}.Release|Any CPU.Build.0 = Release|Any CPU
	EndGlobalSection
	GlobalSection(SolutionProperties) = preSolution
		HideSolutionNode = FALSE
	EndGlobalSection
	GlobalSection(ExtensibilityGlobals) = postSolution
		SolutionGuid = {6E121879-64F9-4489-8A31-079C10CECB5D}
	EndGlobalSection
EndGlobal
